// !$*UTF8*$!
{
	archiveVersion = 1;
	classes = {
	};
	objectVersion = 46;
	objects = {

/* Begin PBXBuildFile section */
		5660666F1B7CCB280020EB9A /* AVFoundation.framework in Frameworks */ = {isa = PBXBuildFile; fileRef = 5660666E1B7CCB280020EB9A /* AVFoundation.framework */; };
		566066711B7CCB2F0020EB9A /* AudioToolbox.framework in Frameworks */ = {isa = PBXBuildFile; fileRef = 566066701B7CCB2F0020EB9A /* AudioToolbox.framework */; };
		566066731B7CCB360020EB9A /* CoreMedia.framework in Frameworks */ = {isa = PBXBuildFile; fileRef = 566066721B7CCB360020EB9A /* CoreMedia.framework */; };
		566066751B7CCB3E0020EB9A /* MediaPlayer.framework in Frameworks */ = {isa = PBXBuildFile; fileRef = 566066741B7CCB3D0020EB9A /* MediaPlayer.framework */; };
		566066771B7CCB450020EB9A /* QuartzCore.framework in Frameworks */ = {isa = PBXBuildFile; fileRef = 566066761B7CCB450020EB9A /* QuartzCore.framework */; };
		566066791B7CCB4C0020EB9A /* Security.framework in Frameworks */ = {isa = PBXBuildFile; fileRef = 566066781B7CCB4C0020EB9A /* Security.framework */; };
		5660667B1B7CCB570020EB9A /* SystemConfiguration.framework in Frameworks */ = {isa = PBXBuildFile; fileRef = 5660667A1B7CCB570020EB9A /* SystemConfiguration.framework */; };
		5660667D1B7CCB600020EB9A /* libiconv.dylib in Frameworks */ = {isa = PBXBuildFile; fileRef = 5660667C1B7CCB600020EB9A /* libiconv.dylib */; };
		5660667F1B7CCB690020EB9A /* libresolv.dylib in Frameworks */ = {isa = PBXBuildFile; fileRef = 5660667E1B7CCB690020EB9A /* libresolv.dylib */; };
		566066811B7CE1040020EB9A /* ViewController.xib in Resources */ = {isa = PBXBuildFile; fileRef = 566066801B7CE1040020EB9A /* ViewController.xib */; };
		5665F0391B7C4013006EFED3 /* main.mm in Sources */ = {isa = PBXBuildFile; fileRef = 5665F0381B7C4013006EFED3 /* main.mm */; };
		5665F03C1B7C4013006EFED3 /* AppDelegate.m in Sources */ = {isa = PBXBuildFile; fileRef = 5665F03B1B7C4013006EFED3 /* AppDelegate.m */; };
		5665F03F1B7C4013006EFED3 /* ViewController.m in Sources */ = {isa = PBXBuildFile; fileRef = 5665F03E1B7C4013006EFED3 /* ViewController.m */; };
		5665F0441B7C4013006EFED3 /* Images.xcassets in Resources */ = {isa = PBXBuildFile; fileRef = 5665F0431B7C4013006EFED3 /* Images.xcassets */; };
		5665F0471B7C4013006EFED3 /* LaunchScreen.xib in Resources */ = {isa = PBXBuildFile; fileRef = 5665F0451B7C4013006EFED3 /* LaunchScreen.xib */; };
		5665F05D1B7C402F006EFED3 /* CoreLocation.framework in Frameworks */ = {isa = PBXBuildFile; fileRef = 5665F05C1B7C402E006EFED3 /* CoreLocation.framework */; };
		5665F0611B7C4245006EFED3 /* cisco-meraki.png in Resources */ = {isa = PBXBuildFile; fileRef = 5665F0601B7C4245006EFED3 /* cisco-meraki.png */; };
		5665F0631B7C5163006EFED3 /* Miles The Concierge.png in Resources */ = {isa = PBXBuildFile; fileRef = 5665F0621B7C5163006EFED3 /* Miles The Concierge.png */; };
		5665F0651B7C5404006EFED3 /* settings_icon.png in Resources */ = {isa = PBXBuildFile; fileRef = 5665F0641B7C5404006EFED3 /* settings_icon.png */; };
		56BEF4B81CBD2CA30094B9D4 /* Information-Icon.png in Resources */ = {isa = PBXBuildFile; fileRef = 56BEF4B71CBD2CA30094B9D4 /* Information-Icon.png */; };
		56BEF4BA1CBD2CB20094B9D4 /* Refresh-Icon.png in Resources */ = {isa = PBXBuildFile; fileRef = 56BEF4B91CBD2CB20094B9D4 /* Refresh-Icon.png */; };
		56BEF4BC1CBD2D3C0094B9D4 /* Settings-Icon.png in Resources */ = {isa = PBXBuildFile; fileRef = 56BEF4BB1CBD2D3C0094B9D4 /* Settings-Icon.png */; };
		56BEF4BE1CBD336A0094B9D4 /* Main.storyboard in Resources */ = {isa = PBXBuildFile; fileRef = 56BEF4BD1CBD336A0094B9D4 /* Main.storyboard */; };
/* End PBXBuildFile section */

/* Begin PBXFileReference section */
		5660666E1B7CCB280020EB9A /* AVFoundation.framework */ = {isa = PBXFileReference; lastKnownFileType = wrapper.framework; name = AVFoundation.framework; path = System/Library/Frameworks/AVFoundation.framework; sourceTree = SDKROOT; };
		566066701B7CCB2F0020EB9A /* AudioToolbox.framework */ = {isa = PBXFileReference; lastKnownFileType = wrapper.framework; name = AudioToolbox.framework; path = System/Library/Frameworks/AudioToolbox.framework; sourceTree = SDKROOT; };
		566066721B7CCB360020EB9A /* CoreMedia.framework */ = {isa = PBXFileReference; lastKnownFileType = wrapper.framework; name = CoreMedia.framework; path = System/Library/Frameworks/CoreMedia.framework; sourceTree = SDKROOT; };
		566066741B7CCB3D0020EB9A /* MediaPlayer.framework */ = {isa = PBXFileReference; lastKnownFileType = wrapper.framework; name = MediaPlayer.framework; path = System/Library/Frameworks/MediaPlayer.framework; sourceTree = SDKROOT; };
		566066761B7CCB450020EB9A /* QuartzCore.framework */ = {isa = PBXFileReference; lastKnownFileType = wrapper.framework; name = QuartzCore.framework; path = System/Library/Frameworks/QuartzCore.framework; sourceTree = SDKROOT; };
		566066781B7CCB4C0020EB9A /* Security.framework */ = {isa = PBXFileReference; lastKnownFileType = wrapper.framework; name = Security.framework; path = System/Library/Frameworks/Security.framework; sourceTree = SDKROOT; };
		5660667A1B7CCB570020EB9A /* SystemConfiguration.framework */ = {isa = PBXFileReference; lastKnownFileType = wrapper.framework; name = SystemConfiguration.framework; path = System/Library/Frameworks/SystemConfiguration.framework; sourceTree = SDKROOT; };
		5660667C1B7CCB600020EB9A /* libiconv.dylib */ = {isa = PBXFileReference; lastKnownFileType = "compiled.mach-o.dylib"; name = libiconv.dylib; path = usr/lib/libiconv.dylib; sourceTree = SDKROOT; };
		5660667E1B7CCB690020EB9A /* libresolv.dylib */ = {isa = PBXFileReference; lastKnownFileType = "compiled.mach-o.dylib"; name = libresolv.dylib; path = usr/lib/libresolv.dylib; sourceTree = SDKROOT; };
		566066801B7CE1040020EB9A /* ViewController.xib */ = {isa = PBXFileReference; fileEncoding = 4; lastKnownFileType = file.xib; path = ViewController.xib; sourceTree = "<group>"; };
		5665F0331B7C4013006EFED3 /* Miles The Concierge.app */ = {isa = PBXFileReference; explicitFileType = wrapper.application; includeInIndex = 0; path = "Miles The Concierge.app"; sourceTree = BUILT_PRODUCTS_DIR; };
		5665F0371B7C4013006EFED3 /* Info.plist */ = {isa = PBXFileReference; lastKnownFileType = text.plist.xml; path = Info.plist; sourceTree = "<group>"; };
		5665F0381B7C4013006EFED3 /* main.mm */ = {isa = PBXFileReference; lastKnownFileType = sourcecode.cpp.objcpp; path = main.mm; sourceTree = "<group>"; };
		5665F03A1B7C4013006EFED3 /* AppDelegate.h */ = {isa = PBXFileReference; lastKnownFileType = sourcecode.c.h; path = AppDelegate.h; sourceTree = "<group>"; };
		5665F03B1B7C4013006EFED3 /* AppDelegate.m */ = {isa = PBXFileReference; lastKnownFileType = sourcecode.c.objc; path = AppDelegate.m; sourceTree = "<group>"; };
		5665F03D1B7C4013006EFED3 /* ViewController.h */ = {isa = PBXFileReference; lastKnownFileType = sourcecode.c.h; path = ViewController.h; sourceTree = "<group>"; };
		5665F03E1B7C4013006EFED3 /* ViewController.m */ = {isa = PBXFileReference; lastKnownFileType = sourcecode.c.objc; path = ViewController.m; sourceTree = "<group>"; };
		5665F0431B7C4013006EFED3 /* Images.xcassets */ = {isa = PBXFileReference; lastKnownFileType = folder.assetcatalog; path = Images.xcassets; sourceTree = "<group>"; };
		5665F0461B7C4013006EFED3 /* Base */ = {isa = PBXFileReference; lastKnownFileType = file.xib; name = Base; path = Base.lproj/LaunchScreen.xib; sourceTree = "<group>"; };
		5665F05C1B7C402E006EFED3 /* CoreLocation.framework */ = {isa = PBXFileReference; lastKnownFileType = wrapper.framework; name = CoreLocation.framework; path = System/Library/Frameworks/CoreLocation.framework; sourceTree = SDKROOT; };
		5665F0601B7C4245006EFED3 /* cisco-meraki.png */ = {isa = PBXFileReference; lastKnownFileType = image.png; path = "cisco-meraki.png"; sourceTree = "<group>"; };
		5665F0621B7C5163006EFED3 /* Miles The Concierge.png */ = {isa = PBXFileReference; lastKnownFileType = image.png; path = "Miles The Concierge.png"; sourceTree = "<group>"; };
		5665F0641B7C5404006EFED3 /* settings_icon.png */ = {isa = PBXFileReference; lastKnownFileType = image.png; path = settings_icon.png; sourceTree = "<group>"; };
		56BEF4B71CBD2CA30094B9D4 /* Information-Icon.png */ = {isa = PBXFileReference; lastKnownFileType = image.png; path = "Information-Icon.png"; sourceTree = "<group>"; };
		56BEF4B91CBD2CB20094B9D4 /* Refresh-Icon.png */ = {isa = PBXFileReference; lastKnownFileType = image.png; path = "Refresh-Icon.png"; sourceTree = "<group>"; };
		56BEF4BB1CBD2D3C0094B9D4 /* Settings-Icon.png */ = {isa = PBXFileReference; lastKnownFileType = image.png; path = "Settings-Icon.png"; sourceTree = "<group>"; };
		56BEF4BD1CBD336A0094B9D4 /* Main.storyboard */ = {isa = PBXFileReference; fileEncoding = 4; lastKnownFileType = file.storyboard; name = Main.storyboard; path = ../Main.storyboard; sourceTree = "<group>"; };
/* End PBXFileReference section */

/* Begin PBXFrameworksBuildPhase section */
		5665F0301B7C4013006EFED3 /* Frameworks */ = {
			isa = PBXFrameworksBuildPhase;
			buildActionMask = 2147483647;
			files = (
				5660667F1B7CCB690020EB9A /* libresolv.dylib in Frameworks */,
				5660667D1B7CCB600020EB9A /* libiconv.dylib in Frameworks */,
				5660667B1B7CCB570020EB9A /* SystemConfiguration.framework in Frameworks */,
				566066791B7CCB4C0020EB9A /* Security.framework in Frameworks */,
				566066771B7CCB450020EB9A /* QuartzCore.framework in Frameworks */,
				566066751B7CCB3E0020EB9A /* MediaPlayer.framework in Frameworks */,
				566066731B7CCB360020EB9A /* CoreMedia.framework in Frameworks */,
				566066711B7CCB2F0020EB9A /* AudioToolbox.framework in Frameworks */,
				5660666F1B7CCB280020EB9A /* AVFoundation.framework in Frameworks */,
				5665F05D1B7C402F006EFED3 /* CoreLocation.framework in Frameworks */,
			);
			runOnlyForDeploymentPostprocessing = 0;
		};
/* End PBXFrameworksBuildPhase section */

/* Begin PBXGroup section */
		566066691B7CCA0A0020EB9A /* Frameworks */ = {
			isa = PBXGroup;
			children = (
				5660667E1B7CCB690020EB9A /* libresolv.dylib */,
				5660667C1B7CCB600020EB9A /* libiconv.dylib */,
				5660667A1B7CCB570020EB9A /* SystemConfiguration.framework */,
				566066781B7CCB4C0020EB9A /* Security.framework */,
				566066761B7CCB450020EB9A /* QuartzCore.framework */,
				566066741B7CCB3D0020EB9A /* MediaPlayer.framework */,
				566066721B7CCB360020EB9A /* CoreMedia.framework */,
				566066701B7CCB2F0020EB9A /* AudioToolbox.framework */,
				5660666E1B7CCB280020EB9A /* AVFoundation.framework */,
				5665F05C1B7C402E006EFED3 /* CoreLocation.framework */,
			);
			name = Frameworks;
			sourceTree = "<group>";
		};
		5665F02A1B7C4013006EFED3 = {
			isa = PBXGroup;
			children = (
				566066691B7CCA0A0020EB9A /* Frameworks */,
				5665F0351B7C4013006EFED3 /* Miles The Concierge */,
				5665F0341B7C4013006EFED3 /* Products */,
			);
			sourceTree = "<group>";
		};
		5665F0341B7C4013006EFED3 /* Products */ = {
			isa = PBXGroup;
			children = (
				5665F0331B7C4013006EFED3 /* Miles The Concierge.app */,
			);
			name = Products;
			sourceTree = "<group>";
		};
		5665F0351B7C4013006EFED3 /* Miles The Concierge */ = {
			isa = PBXGroup;
			children = (
				56BEF4B61CBD2A250094B9D4 /* Images */,
				5665F03A1B7C4013006EFED3 /* AppDelegate.h */,
				5665F03B1B7C4013006EFED3 /* AppDelegate.m */,
				5665F03D1B7C4013006EFED3 /* ViewController.h */,
				5665F03E1B7C4013006EFED3 /* ViewController.m */,
				566066801B7CE1040020EB9A /* ViewController.xib */,
				56BEF4BD1CBD336A0094B9D4 /* Main.storyboard */,
				5665F0431B7C4013006EFED3 /* Images.xcassets */,
				5665F0451B7C4013006EFED3 /* LaunchScreen.xib */,
				5665F0361B7C4013006EFED3 /* Supporting Files */,
			);
			path = "Miles The Concierge";
			sourceTree = "<group>";
		};
		5665F0361B7C4013006EFED3 /* Supporting Files */ = {
			isa = PBXGroup;
			children = (
				5665F0371B7C4013006EFED3 /* Info.plist */,
				5665F0381B7C4013006EFED3 /* main.mm */,
			);
			name = "Supporting Files";
			sourceTree = "<group>";
		};
		56BEF4B61CBD2A250094B9D4 /* Images */ = {
			isa = PBXGroup;
			children = (
				56BEF4BB1CBD2D3C0094B9D4 /* Settings-Icon.png */,
				56BEF4B91CBD2CB20094B9D4 /* Refresh-Icon.png */,
				56BEF4B71CBD2CA30094B9D4 /* Information-Icon.png */,
				5665F0621B7C5163006EFED3 /* Miles The Concierge.png */,
				5665F0601B7C4245006EFED3 /* cisco-meraki.png */,
				5665F0641B7C5404006EFED3 /* settings_icon.png */,
			);
			name = Images;
			sourceTree = "<group>";
		};
/* End PBXGroup section */

/* Begin PBXNativeTarget section */
		5665F0321B7C4013006EFED3 /* Miles The Concierge */ = {
			isa = PBXNativeTarget;
			buildConfigurationList = 5665F0561B7C4013006EFED3 /* Build configuration list for PBXNativeTarget "Miles The Concierge" */;
			buildPhases = (
				5665F02F1B7C4013006EFED3 /* Sources */,
				5665F0301B7C4013006EFED3 /* Frameworks */,
				5665F0311B7C4013006EFED3 /* Resources */,
			);
			buildRules = (
			);
			dependencies = (
			);
			name = "Miles The Concierge";
			productName = "Miles The Concierge";
			productReference = 5665F0331B7C4013006EFED3 /* Miles The Concierge.app */;
			productType = "com.apple.product-type.application";
		};
/* End PBXNativeTarget section */

/* Begin PBXProject section */
		5665F02B1B7C4013006EFED3 /* Project object */ = {
			isa = PBXProject;
			attributes = {
				LastUpgradeCheck = 0730;
				ORGANIZATIONNAME = "James McKee";
				TargetAttributes = {
					5665F0321B7C4013006EFED3 = {
						CreatedOnToolsVersion = 6.4;
						DevelopmentTeam = 4C6PGUE499;
						SystemCapabilities = {
							com.apple.Wallet = {
								enabled = 0;
							};
						};
					};
				};
			};
			buildConfigurationList = 5665F02E1B7C4013006EFED3 /* Build configuration list for PBXProject "Miles The Concierge" */;
			compatibilityVersion = "Xcode 3.2";
			developmentRegion = English;
			hasScannedForEncodings = 0;
			knownRegions = (
				en,
				Base,
			);
			mainGroup = 5665F02A1B7C4013006EFED3;
			productRefGroup = 5665F0341B7C4013006EFED3 /* Products */;
			projectDirPath = "";
			projectRoot = "";
			targets = (
				5665F0321B7C4013006EFED3 /* Miles The Concierge */,
			);
		};
/* End PBXProject section */

/* Begin PBXResourcesBuildPhase section */
		5665F0311B7C4013006EFED3 /* Resources */ = {
			isa = PBXResourcesBuildPhase;
			buildActionMask = 2147483647;
			files = (
				5665F0651B7C5404006EFED3 /* settings_icon.png in Resources */,
				56BEF4BA1CBD2CB20094B9D4 /* Refresh-Icon.png in Resources */,
				5665F0471B7C4013006EFED3 /* LaunchScreen.xib in Resources */,
				56BEF4BC1CBD2D3C0094B9D4 /* Settings-Icon.png in Resources */,
				56BEF4BE1CBD336A0094B9D4 /* Main.storyboard in Resources */,
				56BEF4B81CBD2CA30094B9D4 /* Information-Icon.png in Resources */,
				566066811B7CE1040020EB9A /* ViewController.xib in Resources */,
				5665F0611B7C4245006EFED3 /* cisco-meraki.png in Resources */,
				5665F0441B7C4013006EFED3 /* Images.xcassets in Resources */,
				5665F0631B7C5163006EFED3 /* Miles The Concierge.png in Resources */,
			);
			runOnlyForDeploymentPostprocessing = 0;
		};
/* End PBXResourcesBuildPhase section */

/* Begin PBXSourcesBuildPhase section */
		5665F02F1B7C4013006EFED3 /* Sources */ = {
			isa = PBXSourcesBuildPhase;
			buildActionMask = 2147483647;
			files = (
				5665F03F1B7C4013006EFED3 /* ViewController.m in Sources */,
				5665F03C1B7C4013006EFED3 /* AppDelegate.m in Sources */,
				5665F0391B7C4013006EFED3 /* main.mm in Sources */,
			);
			runOnlyForDeploymentPostprocessing = 0;
		};
/* End PBXSourcesBuildPhase section */

/* Begin PBXVariantGroup section */
		5665F0451B7C4013006EFED3 /* LaunchScreen.xib */ = {
			isa = PBXVariantGroup;
			children = (
				5665F0461B7C4013006EFED3 /* Base */,
			);
			name = LaunchScreen.xib;
			sourceTree = "<group>";
		};
/* End PBXVariantGroup section */

/* Begin XCBuildConfiguration section */
		5665F0541B7C4013006EFED3 /* Debug */ = {
			isa = XCBuildConfiguration;
			buildSettings = {
				ALWAYS_SEARCH_USER_PATHS = NO;
				CLANG_CXX_LANGUAGE_STANDARD = "gnu++0x";
				CLANG_CXX_LIBRARY = "libstdc++";
				CLANG_ENABLE_MODULES = YES;
				CLANG_ENABLE_OBJC_ARC = YES;
				CLANG_WARN_BOOL_CONVERSION = YES;
				CLANG_WARN_CONSTANT_CONVERSION = YES;
				CLANG_WARN_DIRECT_OBJC_ISA_USAGE = YES_ERROR;
				CLANG_WARN_EMPTY_BODY = YES;
				CLANG_WARN_ENUM_CONVERSION = YES;
				CLANG_WARN_INT_CONVERSION = YES;
				CLANG_WARN_OBJC_ROOT_CLASS = YES_ERROR;
				CLANG_WARN_UNREACHABLE_CODE = YES;
				CLANG_WARN__DUPLICATE_METHOD_MATCH = YES;
				CODE_SIGN_IDENTITY = "iPhone Developer: James McKee (NBL5C8PPGW)";
				"CODE_SIGN_IDENTITY[sdk=iphoneos*]" = "iPhone Developer: James McKee (NBL5C8PPGW)";
				COPY_PHASE_STRIP = NO;
				DEBUG_INFORMATION_FORMAT = "dwarf-with-dsym";
				ENABLE_BITCODE = NO;
				ENABLE_STRICT_OBJC_MSGSEND = YES;
				ENABLE_TESTABILITY = YES;
				GCC_C_LANGUAGE_STANDARD = gnu99;
				GCC_DYNAMIC_NO_PIC = NO;
				GCC_NO_COMMON_BLOCKS = YES;
				GCC_OPTIMIZATION_LEVEL = 0;
				GCC_PREPROCESSOR_DEFINITIONS = (
					"DEBUG=1",
					"$(inherited)",
				);
				GCC_SYMBOLS_PRIVATE_EXTERN = NO;
				GCC_WARN_64_TO_32_BIT_CONVERSION = YES;
				GCC_WARN_ABOUT_RETURN_TYPE = YES_ERROR;
				GCC_WARN_UNDECLARED_SELECTOR = YES;
				GCC_WARN_UNINITIALIZED_AUTOS = YES_AGGRESSIVE;
				GCC_WARN_UNUSED_FUNCTION = YES;
				GCC_WARN_UNUSED_VARIABLE = YES;
				IPHONEOS_DEPLOYMENT_TARGET = 9.3;
				MTL_ENABLE_DEBUG_INFO = YES;
				ONLY_ACTIVE_ARCH = YES;
				PROVISIONING_PROFILE = "";
				SDKROOT = iphoneos;
			};
			name = Debug;
		};
		5665F0551B7C4013006EFED3 /* Release */ = {
			isa = XCBuildConfiguration;
			buildSettings = {
				ALWAYS_SEARCH_USER_PATHS = NO;
				CLANG_CXX_LANGUAGE_STANDARD = "gnu++0x";
				CLANG_CXX_LIBRARY = "libstdc++";
				CLANG_ENABLE_MODULES = YES;
				CLANG_ENABLE_OBJC_ARC = YES;
				CLANG_WARN_BOOL_CONVERSION = YES;
				CLANG_WARN_CONSTANT_CONVERSION = YES;
				CLANG_WARN_DIRECT_OBJC_ISA_USAGE = YES_ERROR;
				CLANG_WARN_EMPTY_BODY = YES;
				CLANG_WARN_ENUM_CONVERSION = YES;
				CLANG_WARN_INT_CONVERSION = YES;
				CLANG_WARN_OBJC_ROOT_CLASS = YES_ERROR;
				CLANG_WARN_UNREACHABLE_CODE = YES;
				CLANG_WARN__DUPLICATE_METHOD_MATCH = YES;
				CODE_SIGN_IDENTITY = "iPhone Developer: James McKee (NBL5C8PPGW)";
				"CODE_SIGN_IDENTITY[sdk=iphoneos*]" = "iPhone Developer: James McKee (NBL5C8PPGW)";
				COPY_PHASE_STRIP = NO;
				DEBUG_INFORMATION_FORMAT = "dwarf-with-dsym";
				ENABLE_BITCODE = NO;
				ENABLE_NS_ASSERTIONS = NO;
				ENABLE_STRICT_OBJC_MSGSEND = YES;
				GCC_C_LANGUAGE_STANDARD = gnu99;
				GCC_NO_COMMON_BLOCKS = YES;
				GCC_WARN_64_TO_32_BIT_CONVERSION = YES;
				GCC_WARN_ABOUT_RETURN_TYPE = YES_ERROR;
				GCC_WARN_UNDECLARED_SELECTOR = YES;
				GCC_WARN_UNINITIALIZED_AUTOS = YES_AGGRESSIVE;
				GCC_WARN_UNUSED_FUNCTION = YES;
				GCC_WARN_UNUSED_VARIABLE = YES;
				IPHONEOS_DEPLOYMENT_TARGET = 9.3;
				MTL_ENABLE_DEBUG_INFO = NO;
				ONLY_ACTIVE_ARCH = YES;
				PROVISIONING_PROFILE = "";
				SDKROOT = iphoneos;
				VALIDATE_PRODUCT = YES;
			};
			name = Release;
		};
		5665F0571B7C4013006EFED3 /* Debug */ = {
			isa = XCBuildConfiguration;
			buildSettings = {
				ASSETCATALOG_COMPILER_APPICON_NAME = AppIcon;
				CLANG_CXX_LIBRARY = "libstdc++";
				CODE_SIGN_IDENTITY = "iPhone Developer: James McKee (NBL5C8PPGW)";
				"CODE_SIGN_IDENTITY[sdk=iphoneos*]" = "iPhone Developer: James McKee (NBL5C8PPGW)";
				FRAMEWORK_SEARCH_PATHS = (
					"$(inherited)",
					"$(PROJECT_DIR)",
				);
				INFOPLIST_FILE = "Miles The Concierge/Info.plist";
				IPHONEOS_DEPLOYMENT_TARGET = 9.3;
				LD_RUNPATH_SEARCH_PATHS = "$(inherited) @executable_path/Frameworks";
				ONLY_ACTIVE_ARCH = NO;
				OTHER_LDFLAGS = "-ObjC";
				PRODUCT_BUNDLE_IDENTIFIER = com.jcmconsulting.MilesTheConcierge;
				PRODUCT_NAME = "$(TARGET_NAME)";
				PROVISIONING_PROFILE = "";
			};
			name = Debug;
		};
		5665F0581B7C4013006EFED3 /* Release */ = {
			isa = XCBuildConfiguration;
			buildSettings = {
				ASSETCATALOG_COMPILER_APPICON_NAME = AppIcon;
				CLANG_CXX_LIBRARY = "libstdc++";
				CODE_SIGN_IDENTITY = "iPhone Developer: James McKee (NBL5C8PPGW)";
				"CODE_SIGN_IDENTITY[sdk=iphoneos*]" = "iPhone Developer: James McKee (NBL5C8PPGW)";
				FRAMEWORK_SEARCH_PATHS = (
					"$(inherited)",
					"$(PROJECT_DIR)",
				);
				INFOPLIST_FILE = "Miles The Concierge/Info.plist";
				IPHONEOS_DEPLOYMENT_TARGET = 9.3;
				LD_RUNPATH_SEARCH_PATHS = "$(inherited) @executable_path/Frameworks";
				ONLY_ACTIVE_ARCH = NO;
				OTHER_LDFLAGS = "-ObjC";
				PRODUCT_BUNDLE_IDENTIFIER = com.jcmconsulting.MilesTheConcierge;
				PRODUCT_NAME = "$(TARGET_NAME)";
				PROVISIONING_PROFILE = "";
			};
			name = Release;
		};
/* End XCBuildConfiguration section */

/* Begin XCConfigurationList section */
		5665F02E1B7C4013006EFED3 /* Build configuration list for PBXProject "Miles The Concierge" */ = {
			isa = XCConfigurationList;
			buildConfigurations = (
				5665F0541B7C4013006EFED3 /* Debug */,
				5665F0551B7C4013006EFED3 /* Release */,
			);
			defaultConfigurationIsVisible = 0;
			defaultConfigurationName = Release;
		};
		5665F0561B7C4013006EFED3 /* Build configuration list for PBXNativeTarget "Miles The Concierge" */ = {
			isa = XCConfigurationList;
			buildConfigurations = (
				5665F0571B7C4013006EFED3 /* Debug */,
				5665F0581B7C4013006EFED3 /* Release */,
			);
			defaultConfigurationIsVisible = 0;
			defaultConfigurationName = Release;
		};
/* End XCConfigurationList section */
	};
	rootObject = 5665F02B1B7C4013006EFED3 /* Project object */;
}
