// !$*UTF8*$!
{
	archiveVersion = 1;
	classes = {
	};
	objectVersion = 46;
	objects = {

/* Begin PBXBuildFile section */
		560CBF501D73F6E80030F5F7 /* Cisco-Meraki-icon-456x456.png in Resources */ = {isa = PBXBuildFile; fileRef = 560CBF4F1D73F6E80030F5F7 /* Cisco-Meraki-icon-456x456.png */; };
		562F244B1CB88B690020344E /* SettingsViewController.m in Sources */ = {isa = PBXBuildFile; fileRef = 562F244A1CB88B690020344E /* SettingsViewController.m */; };
		5634CF0F1CB8B151007901B4 /* Settings-Icon.png in Resources */ = {isa = PBXBuildFile; fileRef = 5634CF0E1CB8B151007901B4 /* Settings-Icon.png */; };
		563B77E01CB745690042253B /* Information-Icon.png in Resources */ = {isa = PBXBuildFile; fileRef = 563B77DF1CB745690042253B /* Information-Icon.png */; };
		5666D6141CBBAF2E00BB23CE /* JabberGuest.framework in Frameworks */ = {isa = PBXBuildFile; fileRef = 5666D6131CBBAF2E00BB23CE /* JabberGuest.framework */; };
		5666D6161CBBAF3F00BB23CE /* JabberGuest.bundle in Resources */ = {isa = PBXBuildFile; fileRef = 5666D6151CBBAF3F00BB23CE /* JabberGuest.bundle */; };
		568C002C1CB3082900704AE5 /* main.mm in Sources */ = {isa = PBXBuildFile; fileRef = 568C002B1CB3082900704AE5 /* main.mm */; };
		568C002F1CB3082900704AE5 /* AppDelegate.m in Sources */ = {isa = PBXBuildFile; fileRef = 568C002E1CB3082900704AE5 /* AppDelegate.m */; };
		568C00321CB3082900704AE5 /* BeaconViewController.m in Sources */ = {isa = PBXBuildFile; fileRef = 568C00311CB3082900704AE5 /* BeaconViewController.m */; };
		568C00371CB3082900704AE5 /* Assets.xcassets in Resources */ = {isa = PBXBuildFile; fileRef = 568C00361CB3082900704AE5 /* Assets.xcassets */; };
		568C003A1CB3082900704AE5 /* LaunchScreen.storyboard in Resources */ = {isa = PBXBuildFile; fileRef = 568C00381CB3082900704AE5 /* LaunchScreen.storyboard */; };
		568C00441CB3095200704AE5 /* Miles-The-Concierge-Image.png in Resources */ = {isa = PBXBuildFile; fileRef = 568C00421CB3095200704AE5 /* Miles-The-Concierge-Image.png */; };
		568C00481CB30FFD00704AE5 /* InfoViewController.m in Sources */ = {isa = PBXBuildFile; fileRef = 568C00471CB30FFD00704AE5 /* InfoViewController.m */; };
		568C004A1CB310DB00704AE5 /* Cisco-Meraki.png in Resources */ = {isa = PBXBuildFile; fileRef = 568C00491CB310DB00704AE5 /* Cisco-Meraki.png */; };
		56BEF44F1CBBCA8A0094B9D4 /* Main.storyboard in Resources */ = {isa = PBXBuildFile; fileRef = 568C00331CB3082900704AE5 /* Main.storyboard */; };
		56E699B51CB8D4980041EBA8 /* libiconv.2.dylib in Frameworks */ = {isa = PBXBuildFile; fileRef = 56E699B31CB8D4640041EBA8 /* libiconv.2.dylib */; };
		56E699B61CB8D4B60041EBA8 /* libresolv.9.dylib in Frameworks */ = {isa = PBXBuildFile; fileRef = 56E699B11CB8D4370041EBA8 /* libresolv.9.dylib */; };
		56F215E71E3C151B006573EB /* CoreLocation.framework in Frameworks */ = {isa = PBXBuildFile; fileRef = 56F215E51E3C13A8006573EB /* CoreLocation.framework */; };
		56F215E91E3C1522006573EB /* CallKit.framework in Frameworks */ = {isa = PBXBuildFile; fileRef = 56F215E81E3C1522006573EB /* CallKit.framework */; };
		56F215EA1E3C1529006573EB /* VideoToolbox.framework in Frameworks */ = {isa = PBXBuildFile; fileRef = 5666D6061CB9E97000BB23CE /* VideoToolbox.framework */; };
		56F215EB1E3C152F006573EB /* AVFoundation.framework in Frameworks */ = {isa = PBXBuildFile; fileRef = 5634CF171CB8C8C8007901B4 /* AVFoundation.framework */; };
		56F215EC1E3C1536006573EB /* AudioToolbox.framework in Frameworks */ = {isa = PBXBuildFile; fileRef = 5634CF191CB8C8D3007901B4 /* AudioToolbox.framework */; };
		56F215ED1E3C153D006573EB /* CoreMedia.framework in Frameworks */ = {isa = PBXBuildFile; fileRef = 5634CF1B1CB8C8DF007901B4 /* CoreMedia.framework */; };
		56F215EE1E3C1545006573EB /* MediaPlayer.framework in Frameworks */ = {isa = PBXBuildFile; fileRef = 5634CF1D1CB8C8E9007901B4 /* MediaPlayer.framework */; };
		56F215EF1E3C154E006573EB /* QuartzCore.framework in Frameworks */ = {isa = PBXBuildFile; fileRef = 5634CF1F1CB8C8F3007901B4 /* QuartzCore.framework */; };
		56F215F01E3C1554006573EB /* Security.framework in Frameworks */ = {isa = PBXBuildFile; fileRef = 5634CF211CB8C8FE007901B4 /* Security.framework */; };
		56F215F11E3C155B006573EB /* SystemConfiguration.framework in Frameworks */ = {isa = PBXBuildFile; fileRef = 5634CF231CB8C908007901B4 /* SystemConfiguration.framework */; };
/* End PBXBuildFile section */

/* Begin PBXFileReference section */
		560CBF4F1D73F6E80030F5F7 /* Cisco-Meraki-icon-456x456.png */ = {isa = PBXFileReference; lastKnownFileType = image.png; path = "Cisco-Meraki-icon-456x456.png"; sourceTree = "<group>"; };
		562F24491CB88B620020344E /* SettingsViewController.h */ = {isa = PBXFileReference; fileEncoding = 4; lastKnownFileType = sourcecode.c.h; path = SettingsViewController.h; sourceTree = "<group>"; };
		562F244A1CB88B690020344E /* SettingsViewController.m */ = {isa = PBXFileReference; fileEncoding = 4; lastKnownFileType = sourcecode.c.objc; path = SettingsViewController.m; sourceTree = "<group>"; };
		5634CF0E1CB8B151007901B4 /* Settings-Icon.png */ = {isa = PBXFileReference; lastKnownFileType = image.png; path = "Settings-Icon.png"; sourceTree = "<group>"; };
		5634CF171CB8C8C8007901B4 /* AVFoundation.framework */ = {isa = PBXFileReference; lastKnownFileType = wrapper.framework; name = AVFoundation.framework; path = System/Library/Frameworks/AVFoundation.framework; sourceTree = SDKROOT; };
		5634CF191CB8C8D3007901B4 /* AudioToolbox.framework */ = {isa = PBXFileReference; lastKnownFileType = wrapper.framework; name = AudioToolbox.framework; path = System/Library/Frameworks/AudioToolbox.framework; sourceTree = SDKROOT; };
		5634CF1B1CB8C8DF007901B4 /* CoreMedia.framework */ = {isa = PBXFileReference; lastKnownFileType = wrapper.framework; name = CoreMedia.framework; path = System/Library/Frameworks/CoreMedia.framework; sourceTree = SDKROOT; };
		5634CF1D1CB8C8E9007901B4 /* MediaPlayer.framework */ = {isa = PBXFileReference; lastKnownFileType = wrapper.framework; name = MediaPlayer.framework; path = System/Library/Frameworks/MediaPlayer.framework; sourceTree = SDKROOT; };
		5634CF1F1CB8C8F3007901B4 /* QuartzCore.framework */ = {isa = PBXFileReference; lastKnownFileType = wrapper.framework; name = QuartzCore.framework; path = System/Library/Frameworks/QuartzCore.framework; sourceTree = SDKROOT; };
		5634CF211CB8C8FE007901B4 /* Security.framework */ = {isa = PBXFileReference; lastKnownFileType = wrapper.framework; name = Security.framework; path = System/Library/Frameworks/Security.framework; sourceTree = SDKROOT; };
		5634CF231CB8C908007901B4 /* SystemConfiguration.framework */ = {isa = PBXFileReference; lastKnownFileType = wrapper.framework; name = SystemConfiguration.framework; path = System/Library/Frameworks/SystemConfiguration.framework; sourceTree = SDKROOT; };
		563B77DF1CB745690042253B /* Information-Icon.png */ = {isa = PBXFileReference; lastKnownFileType = image.png; path = "Information-Icon.png"; sourceTree = "<group>"; };
		5666D6001CB9E85300BB23CE /* CoreGraphics.framework */ = {isa = PBXFileReference; lastKnownFileType = wrapper.framework; name = CoreGraphics.framework; path = System/Library/Frameworks/CoreGraphics.framework; sourceTree = SDKROOT; };
		5666D6021CB9E85E00BB23CE /* UIKit.framework */ = {isa = PBXFileReference; lastKnownFileType = wrapper.framework; name = UIKit.framework; path = System/Library/Frameworks/UIKit.framework; sourceTree = SDKROOT; };
		5666D6041CB9E86900BB23CE /* Foundation.framework */ = {isa = PBXFileReference; lastKnownFileType = wrapper.framework; name = Foundation.framework; path = System/Library/Frameworks/Foundation.framework; sourceTree = SDKROOT; };
		5666D6061CB9E97000BB23CE /* VideoToolbox.framework */ = {isa = PBXFileReference; lastKnownFileType = wrapper.framework; name = VideoToolbox.framework; path = System/Library/Frameworks/VideoToolbox.framework; sourceTree = SDKROOT; };
		5666D6131CBBAF2E00BB23CE /* JabberGuest.framework */ = {isa = PBXFileReference; lastKnownFileType = wrapper.framework; path = JabberGuest.framework; sourceTree = "<group>"; };
		5666D6151CBBAF3F00BB23CE /* JabberGuest.bundle */ = {isa = PBXFileReference; lastKnownFileType = "wrapper.plug-in"; name = JabberGuest.bundle; path = JabberGuest.framework/Versions/A/Resources/JabberGuest.bundle; sourceTree = "<group>"; };
		568C00271CB3082900704AE5 /* MilesTheConcierge_ObjC.app */ = {isa = PBXFileReference; explicitFileType = wrapper.application; includeInIndex = 0; path = MilesTheConcierge_ObjC.app; sourceTree = BUILT_PRODUCTS_DIR; };
		568C002B1CB3082900704AE5 /* main.mm */ = {isa = PBXFileReference; lastKnownFileType = sourcecode.cpp.objcpp; path = main.mm; sourceTree = "<group>"; };
		568C002D1CB3082900704AE5 /* AppDelegate.h */ = {isa = PBXFileReference; lastKnownFileType = sourcecode.c.h; path = AppDelegate.h; sourceTree = "<group>"; };
		568C002E1CB3082900704AE5 /* AppDelegate.m */ = {isa = PBXFileReference; lastKnownFileType = sourcecode.c.objc; path = AppDelegate.m; sourceTree = "<group>"; };
		568C00301CB3082900704AE5 /* BeaconViewController.h */ = {isa = PBXFileReference; lastKnownFileType = sourcecode.c.h; path = BeaconViewController.h; sourceTree = "<group>"; };
		568C00311CB3082900704AE5 /* BeaconViewController.m */ = {isa = PBXFileReference; lastKnownFileType = sourcecode.c.objc; path = BeaconViewController.m; sourceTree = "<group>"; };
		568C00341CB3082900704AE5 /* Base */ = {isa = PBXFileReference; lastKnownFileType = file.storyboard; name = Base; path = Base.lproj/Main.storyboard; sourceTree = "<group>"; };
		568C00361CB3082900704AE5 /* Assets.xcassets */ = {isa = PBXFileReference; lastKnownFileType = folder.assetcatalog; path = Assets.xcassets; sourceTree = "<group>"; };
		568C00391CB3082900704AE5 /* Base */ = {isa = PBXFileReference; lastKnownFileType = file.storyboard; name = Base; path = Base.lproj/LaunchScreen.storyboard; sourceTree = "<group>"; };
		568C003B1CB3082900704AE5 /* Info.plist */ = {isa = PBXFileReference; lastKnownFileType = text.plist.xml; path = Info.plist; sourceTree = "<group>"; };
		568C00421CB3095200704AE5 /* Miles-The-Concierge-Image.png */ = {isa = PBXFileReference; lastKnownFileType = image.png; path = "Miles-The-Concierge-Image.png"; sourceTree = "<group>"; };
		568C00461CB30FEC00704AE5 /* InfoViewController.h */ = {isa = PBXFileReference; fileEncoding = 4; lastKnownFileType = sourcecode.c.h; path = InfoViewController.h; sourceTree = "<group>"; };
		568C00471CB30FFD00704AE5 /* InfoViewController.m */ = {isa = PBXFileReference; fileEncoding = 4; lastKnownFileType = sourcecode.c.objc; path = InfoViewController.m; sourceTree = "<group>"; };
		568C00491CB310DB00704AE5 /* Cisco-Meraki.png */ = {isa = PBXFileReference; lastKnownFileType = image.png; path = "Cisco-Meraki.png"; sourceTree = "<group>"; };
		56E699B11CB8D4370041EBA8 /* libresolv.9.dylib */ = {isa = PBXFileReference; lastKnownFileType = "compiled.mach-o.dylib"; name = libresolv.9.dylib; path = ../../../../../usr/lib/libresolv.9.dylib; sourceTree = "<group>"; };
		56E699B31CB8D4640041EBA8 /* libiconv.2.dylib */ = {isa = PBXFileReference; lastKnownFileType = "compiled.mach-o.dylib"; name = libiconv.2.dylib; path = ../../../../../usr/lib/libiconv.2.dylib; sourceTree = "<group>"; };
		56F215E51E3C13A8006573EB /* CoreLocation.framework */ = {isa = PBXFileReference; lastKnownFileType = wrapper.framework; name = CoreLocation.framework; path = System/Library/Frameworks/CoreLocation.framework; sourceTree = SDKROOT; };
		56F215E81E3C1522006573EB /* CallKit.framework */ = {isa = PBXFileReference; lastKnownFileType = wrapper.framework; name = CallKit.framework; path = System/Library/Frameworks/CallKit.framework; sourceTree = SDKROOT; };
/* End PBXFileReference section */

/* Begin PBXFrameworksBuildPhase section */
		568C00241CB3082900704AE5 /* Frameworks */ = {
			isa = PBXFrameworksBuildPhase;
			buildActionMask = 2147483647;
			files = (
				56F215F11E3C155B006573EB /* SystemConfiguration.framework in Frameworks */,
				56F215F01E3C1554006573EB /* Security.framework in Frameworks */,
				56F215EF1E3C154E006573EB /* QuartzCore.framework in Frameworks */,
				56F215EE1E3C1545006573EB /* MediaPlayer.framework in Frameworks */,
				56F215ED1E3C153D006573EB /* CoreMedia.framework in Frameworks */,
				56F215EC1E3C1536006573EB /* AudioToolbox.framework in Frameworks */,
				56F215EB1E3C152F006573EB /* AVFoundation.framework in Frameworks */,
				56F215EA1E3C1529006573EB /* VideoToolbox.framework in Frameworks */,
				56F215E91E3C1522006573EB /* CallKit.framework in Frameworks */,
				56F215E71E3C151B006573EB /* CoreLocation.framework in Frameworks */,
				56E699B61CB8D4B60041EBA8 /* libresolv.9.dylib in Frameworks */,
				56E699B51CB8D4980041EBA8 /* libiconv.2.dylib in Frameworks */,
				5666D6141CBBAF2E00BB23CE /* JabberGuest.framework in Frameworks */,
			);
			runOnlyForDeploymentPostprocessing = 0;
		};
/* End PBXFrameworksBuildPhase section */

/* Begin PBXGroup section */
		5634CF121CB8C736007901B4 /* Frameworks */ = {
			isa = PBXGroup;
			children = (
				56F215E81E3C1522006573EB /* CallKit.framework */,
				56F215E51E3C13A8006573EB /* CoreLocation.framework */,
				5666D6151CBBAF3F00BB23CE /* JabberGuest.bundle */,
				5666D6131CBBAF2E00BB23CE /* JabberGuest.framework */,
				5666D6061CB9E97000BB23CE /* VideoToolbox.framework */,
				5666D6041CB9E86900BB23CE /* Foundation.framework */,
				5666D6021CB9E85E00BB23CE /* UIKit.framework */,
				5666D6001CB9E85300BB23CE /* CoreGraphics.framework */,
				56E699B31CB8D4640041EBA8 /* libiconv.2.dylib */,
				56E699B11CB8D4370041EBA8 /* libresolv.9.dylib */,
				5634CF231CB8C908007901B4 /* SystemConfiguration.framework */,
				5634CF211CB8C8FE007901B4 /* Security.framework */,
				5634CF1F1CB8C8F3007901B4 /* QuartzCore.framework */,
				5634CF1D1CB8C8E9007901B4 /* MediaPlayer.framework */,
				5634CF1B1CB8C8DF007901B4 /* CoreMedia.framework */,
				5634CF191CB8C8D3007901B4 /* AudioToolbox.framework */,
				5634CF171CB8C8C8007901B4 /* AVFoundation.framework */,
			);
			name = Frameworks;
			sourceTree = "<group>";
		};
		568C001E1CB3082900704AE5 = {
			isa = PBXGroup;
			children = (
				5634CF121CB8C736007901B4 /* Frameworks */,
				568C00291CB3082900704AE5 /* MilesTheConcierge_ObjC */,
				568C00281CB3082900704AE5 /* Products */,
			);
			sourceTree = "<group>";
		};
		568C00281CB3082900704AE5 /* Products */ = {
			isa = PBXGroup;
			children = (
				568C00271CB3082900704AE5 /* MilesTheConcierge_ObjC.app */,
			);
			name = Products;
			sourceTree = "<group>";
		};
		568C00291CB3082900704AE5 /* MilesTheConcierge_ObjC */ = {
			isa = PBXGroup;
			children = (
				568C00411CB3084900704AE5 /* Images */,
				568C002D1CB3082900704AE5 /* AppDelegate.h */,
				568C002E1CB3082900704AE5 /* AppDelegate.m */,
				568C00301CB3082900704AE5 /* BeaconViewController.h */,
				568C00311CB3082900704AE5 /* BeaconViewController.m */,
				568C00471CB30FFD00704AE5 /* InfoViewController.m */,
				568C00461CB30FEC00704AE5 /* InfoViewController.h */,
				568C00331CB3082900704AE5 /* Main.storyboard */,
				562F244A1CB88B690020344E /* SettingsViewController.m */,
				562F24491CB88B620020344E /* SettingsViewController.h */,
				568C00361CB3082900704AE5 /* Assets.xcassets */,
				568C00381CB3082900704AE5 /* LaunchScreen.storyboard */,
				568C003B1CB3082900704AE5 /* Info.plist */,
				568C002A1CB3082900704AE5 /* Supporting Files */,
			);
			path = MilesTheConcierge_ObjC;
			sourceTree = "<group>";
		};
		568C002A1CB3082900704AE5 /* Supporting Files */ = {
			isa = PBXGroup;
			children = (
				568C002B1CB3082900704AE5 /* main.mm */,
			);
			name = "Supporting Files";
			sourceTree = "<group>";
		};
		568C00411CB3084900704AE5 /* Images */ = {
			isa = PBXGroup;
			children = (
				560CBF4F1D73F6E80030F5F7 /* Cisco-Meraki-icon-456x456.png */,
				5634CF0E1CB8B151007901B4 /* Settings-Icon.png */,
				563B77DF1CB745690042253B /* Information-Icon.png */,
				568C00491CB310DB00704AE5 /* Cisco-Meraki.png */,
				568C00421CB3095200704AE5 /* Miles-The-Concierge-Image.png */,
			);
			name = Images;
			sourceTree = "<group>";
		};
/* End PBXGroup section */

/* Begin PBXNativeTarget section */
		568C00261CB3082900704AE5 /* MilesTheConcierge_ObjC */ = {
			isa = PBXNativeTarget;
			buildConfigurationList = 568C003E1CB3082900704AE5 /* Build configuration list for PBXNativeTarget "MilesTheConcierge_ObjC" */;
			buildPhases = (
				568C00231CB3082900704AE5 /* Sources */,
				568C00241CB3082900704AE5 /* Frameworks */,
				568C00251CB3082900704AE5 /* Resources */,
			);
			buildRules = (
			);
			dependencies = (
			);
			name = MilesTheConcierge_ObjC;
			productName = MilesTheConcierge_ObjC;
			productReference = 568C00271CB3082900704AE5 /* MilesTheConcierge_ObjC.app */;
			productType = "com.apple.product-type.application";
		};
/* End PBXNativeTarget section */

/* Begin PBXProject section */
		568C001F1CB3082900704AE5 /* Project object */ = {
			isa = PBXProject;
			attributes = {
				LastUpgradeCheck = 0820;
				ORGANIZATIONNAME = "James McKee";
				TargetAttributes = {
					568C00261CB3082900704AE5 = {
						CreatedOnToolsVersion = 7.3;
						DevelopmentTeam = 4C6PGUE499;
					};
				};
			};
			buildConfigurationList = 568C00221CB3082900704AE5 /* Build configuration list for PBXProject "MilesTheConcierge_ObjC" */;
			compatibilityVersion = "Xcode 3.2";
			developmentRegion = English;
			hasScannedForEncodings = 0;
			knownRegions = (
				en,
				Base,
			);
			mainGroup = 568C001E1CB3082900704AE5;
			productRefGroup = 568C00281CB3082900704AE5 /* Products */;
			projectDirPath = "";
			projectRoot = "";
			targets = (
				568C00261CB3082900704AE5 /* MilesTheConcierge_ObjC */,
			);
		};
/* End PBXProject section */

/* Begin PBXResourcesBuildPhase section */
		568C00251CB3082900704AE5 /* Resources */ = {
			isa = PBXResourcesBuildPhase;
			buildActionMask = 2147483647;
			files = (
				5666D6161CBBAF3F00BB23CE /* JabberGuest.bundle in Resources */,
				568C00441CB3095200704AE5 /* Miles-The-Concierge-Image.png in Resources */,
				568C003A1CB3082900704AE5 /* LaunchScreen.storyboard in Resources */,
				56BEF44F1CBBCA8A0094B9D4 /* Main.storyboard in Resources */,
				563B77E01CB745690042253B /* Information-Icon.png in Resources */,
				560CBF501D73F6E80030F5F7 /* Cisco-Meraki-icon-456x456.png in Resources */,
				568C00371CB3082900704AE5 /* Assets.xcassets in Resources */,
				568C004A1CB310DB00704AE5 /* Cisco-Meraki.png in Resources */,
				5634CF0F1CB8B151007901B4 /* Settings-Icon.png in Resources */,
			);
			runOnlyForDeploymentPostprocessing = 0;
		};
/* End PBXResourcesBuildPhase section */

/* Begin PBXSourcesBuildPhase section */
		568C00231CB3082900704AE5 /* Sources */ = {
			isa = PBXSourcesBuildPhase;
			buildActionMask = 2147483647;
			files = (
				568C00321CB3082900704AE5 /* BeaconViewController.m in Sources */,
				568C002F1CB3082900704AE5 /* AppDelegate.m in Sources */,
				562F244B1CB88B690020344E /* SettingsViewController.m in Sources */,
				568C002C1CB3082900704AE5 /* main.mm in Sources */,
				568C00481CB30FFD00704AE5 /* InfoViewController.m in Sources */,
			);
			runOnlyForDeploymentPostprocessing = 0;
		};
/* End PBXSourcesBuildPhase section */

/* Begin PBXVariantGroup section */
		568C00331CB3082900704AE5 /* Main.storyboard */ = {
			isa = PBXVariantGroup;
			children = (
				568C00341CB3082900704AE5 /* Base */,
			);
			name = Main.storyboard;
			sourceTree = "<group>";
		};
		568C00381CB3082900704AE5 /* LaunchScreen.storyboard */ = {
			isa = PBXVariantGroup;
			children = (
				568C00391CB3082900704AE5 /* Base */,
			);
			name = LaunchScreen.storyboard;
			sourceTree = "<group>";
		};
/* End PBXVariantGroup section */

/* Begin XCBuildConfiguration section */
		568C003C1CB3082900704AE5 /* Debug */ = {
			isa = XCBuildConfiguration;
			buildSettings = {
				ALWAYS_SEARCH_USER_PATHS = NO;
				CLANG_ANALYZER_NONNULL = YES;
				CLANG_CXX_LANGUAGE_STANDARD = "gnu++0x";
				CLANG_CXX_LIBRARY = "compiler-default";
				CLANG_ENABLE_MODULES = YES;
				CLANG_ENABLE_OBJC_ARC = YES;
				CLANG_WARN_BOOL_CONVERSION = YES;
				CLANG_WARN_CONSTANT_CONVERSION = YES;
				CLANG_WARN_DIRECT_OBJC_ISA_USAGE = YES_ERROR;
				CLANG_WARN_EMPTY_BODY = YES;
				CLANG_WARN_ENUM_CONVERSION = YES;
				CLANG_WARN_INFINITE_RECURSION = YES;
				CLANG_WARN_INT_CONVERSION = YES;
				CLANG_WARN_OBJC_ROOT_CLASS = YES_ERROR;
				CLANG_WARN_SUSPICIOUS_MOVE = YES;
				CLANG_WARN_UNREACHABLE_CODE = YES;
				CLANG_WARN__DUPLICATE_METHOD_MATCH = YES;
				CODE_SIGN_IDENTITY = "iPhone Developer: James McKee (NBL5C8PPGW)";
				"CODE_SIGN_IDENTITY[sdk=iphoneos*]" = "iPhone Developer: James McKee (NBL5C8PPGW)";
				COPY_PHASE_STRIP = NO;
				DEBUG_INFORMATION_FORMAT = dwarf;
				ENABLE_BITCODE = NO;
				ENABLE_STRICT_OBJC_MSGSEND = YES;
				ENABLE_TESTABILITY = YES;
				GCC_C_LANGUAGE_STANDARD = gnu99;
				GCC_DYNAMIC_NO_PIC = NO;
				GCC_NO_COMMON_BLOCKS = YES;
				GCC_OPTIMIZATION_LEVEL = 0;
				GCC_PREPROCESSOR_DEFINITIONS = (
					"DEBUG=1",
					"$(inherited)",
				);
				GCC_WARN_64_TO_32_BIT_CONVERSION = YES;
				GCC_WARN_ABOUT_RETURN_TYPE = YES_ERROR;
				GCC_WARN_UNDECLARED_SELECTOR = YES;
				GCC_WARN_UNINITIALIZED_AUTOS = YES_AGGRESSIVE;
				GCC_WARN_UNUSED_FUNCTION = YES;
				GCC_WARN_UNUSED_VARIABLE = YES;
				IPHONEOS_DEPLOYMENT_TARGET = 10.2;
				MTL_ENABLE_DEBUG_INFO = YES;
				ONLY_ACTIVE_ARCH = YES;
				OTHER_LDFLAGS = "-ObjC";
				SDKROOT = iphoneos;
				TARGETED_DEVICE_FAMILY = "1,2";
				VALID_ARCHS = "armv7 arm64";
			};
			name = Debug;
		};
		568C003D1CB3082900704AE5 /* Release */ = {
			isa = XCBuildConfiguration;
			buildSettings = {
				ALWAYS_SEARCH_USER_PATHS = NO;
				CLANG_ANALYZER_NONNULL = YES;
				CLANG_CXX_LANGUAGE_STANDARD = "gnu++0x";
				CLANG_CXX_LIBRARY = "compiler-default";
				CLANG_ENABLE_MODULES = YES;
				CLANG_ENABLE_OBJC_ARC = YES;
				CLANG_WARN_BOOL_CONVERSION = YES;
				CLANG_WARN_CONSTANT_CONVERSION = YES;
				CLANG_WARN_DIRECT_OBJC_ISA_USAGE = YES_ERROR;
				CLANG_WARN_EMPTY_BODY = YES;
				CLANG_WARN_ENUM_CONVERSION = YES;
				CLANG_WARN_INFINITE_RECURSION = YES;
				CLANG_WARN_INT_CONVERSION = YES;
				CLANG_WARN_OBJC_ROOT_CLASS = YES_ERROR;
				CLANG_WARN_SUSPICIOUS_MOVE = YES;
				CLANG_WARN_UNREACHABLE_CODE = YES;
				CLANG_WARN__DUPLICATE_METHOD_MATCH = YES;
				CODE_SIGN_IDENTITY = "iPhone Developer: James McKee (NBL5C8PPGW)";
				"CODE_SIGN_IDENTITY[sdk=iphoneos*]" = "iPhone Developer: James McKee (NBL5C8PPGW)";
				COPY_PHASE_STRIP = NO;
				DEBUG_INFORMATION_FORMAT = "dwarf-with-dsym";
				ENABLE_BITCODE = NO;
				ENABLE_NS_ASSERTIONS = NO;
				ENABLE_STRICT_OBJC_MSGSEND = YES;
				GCC_C_LANGUAGE_STANDARD = gnu99;
				GCC_NO_COMMON_BLOCKS = YES;
				GCC_WARN_64_TO_32_BIT_CONVERSION = YES;
				GCC_WARN_ABOUT_RETURN_TYPE = YES_ERROR;
				GCC_WARN_UNDECLARED_SELECTOR = YES;
				GCC_WARN_UNINITIALIZED_AUTOS = YES_AGGRESSIVE;
				GCC_WARN_UNUSED_FUNCTION = YES;
				GCC_WARN_UNUSED_VARIABLE = YES;
				IPHONEOS_DEPLOYMENT_TARGET = 10.2;
				MTL_ENABLE_DEBUG_INFO = NO;
				ONLY_ACTIVE_ARCH = NO;
				OTHER_LDFLAGS = "-ObjC";
				SDKROOT = iphoneos;
				TARGETED_DEVICE_FAMILY = "1,2";
				VALIDATE_PRODUCT = YES;
				VALID_ARCHS = "armv7 arm64";
			};
			name = Release;
		};
		568C003F1CB3082900704AE5 /* Debug */ = {
			isa = XCBuildConfiguration;
			buildSettings = {
				ASSETCATALOG_COMPILER_APPICON_NAME = AppIcon;
				CLANG_CXX_LIBRARY = "libstdc++";
				CODE_SIGN_IDENTITY = "iPhone Developer";
				FRAMEWORK_SEARCH_PATHS = (
					"$(inherited)",
					"$(PROJECT_DIR)",
				);
				INFOPLIST_FILE = MilesTheConcierge_ObjC/Info.plist;
				IPHONEOS_DEPLOYMENT_TARGET = 10.2;
				LD_RUNPATH_SEARCH_PATHS = "$(inherited) @executable_path/Frameworks";
				ONLY_ACTIVE_ARCH = NO;
				OTHER_LDFLAGS = "-ObjC";
				PRODUCT_BUNDLE_IDENTIFIER = "com.jcmconsulting.MilesTheConcierge-ObjC";
				PRODUCT_NAME = "$(TARGET_NAME)";
			};
			name = Debug;
		};
		568C00401CB3082900704AE5 /* Release */ = {
			isa = XCBuildConfiguration;
			buildSettings = {
				ASSETCATALOG_COMPILER_APPICON_NAME = AppIcon;
				CLANG_CXX_LIBRARY = "libstdc++";
				CODE_SIGN_IDENTITY = "iPhone Developer";
				FRAMEWORK_SEARCH_PATHS = (
					"$(inherited)",
					"$(PROJECT_DIR)",
				);
				INFOPLIST_FILE = MilesTheConcierge_ObjC/Info.plist;
				IPHONEOS_DEPLOYMENT_TARGET = 10.2;
				LD_RUNPATH_SEARCH_PATHS = "$(inherited) @executable_path/Frameworks";
				ONLY_ACTIVE_ARCH = NO;
				OTHER_LDFLAGS = "-ObjC";
				PRODUCT_BUNDLE_IDENTIFIER = "com.jcmconsulting.MilesTheConcierge-ObjC";
				PRODUCT_NAME = "$(TARGET_NAME)";
			};
			name = Release;
		};
/* End XCBuildConfiguration section */

/* Begin XCConfigurationList section */
		568C00221CB3082900704AE5 /* Build configuration list for PBXProject "MilesTheConcierge_ObjC" */ = {
			isa = XCConfigurationList;
			buildConfigurations = (
				568C003C1CB3082900704AE5 /* Debug */,
				568C003D1CB3082900704AE5 /* Release */,
			);
			defaultConfigurationIsVisible = 0;
			defaultConfigurationName = Release;
		};
		568C003E1CB3082900704AE5 /* Build configuration list for PBXNativeTarget "MilesTheConcierge_ObjC" */ = {
			isa = XCConfigurationList;
			buildConfigurations = (
				568C003F1CB3082900704AE5 /* Debug */,
				568C00401CB3082900704AE5 /* Release */,
			);
			defaultConfigurationIsVisible = 0;
			defaultConfigurationName = Release;
		};
/* End XCConfigurationList section */
	};
	rootObject = 568C001F1CB3082900704AE5 /* Project object */;
}
